// !$*UTF8*$!
{
	archiveVersion = 1;
	classes = {
	};
	objectVersion = 56;
	objects = {

/* Begin PBXBuildFile section */
		BB60A7B02A326DFA00A2F7AC /* CuttingBoardApp.swift in Sources */ = {isa = PBXBuildFile; fileRef = BB60A7AF2A326DFA00A2F7AC /* CuttingBoardApp.swift */; };
		BB60A7B22A326DFA00A2F7AC /* ContentView.swift in Sources */ = {isa = PBXBuildFile; fileRef = BB60A7B12A326DFA00A2F7AC /* ContentView.swift */; };
		BB60A7B42A326DFB00A2F7AC /* Assets.xcassets in Resources */ = {isa = PBXBuildFile; fileRef = BB60A7B32A326DFB00A2F7AC /* Assets.xcassets */; };
		BB60A7B72A326DFB00A2F7AC /* Preview Assets.xcassets in Resources */ = {isa = PBXBuildFile; fileRef = BB60A7B62A326DFB00A2F7AC /* Preview Assets.xcassets */; };
		BB60A7B92A326DFB00A2F7AC /* Item.swift in Sources */ = {isa = PBXBuildFile; fileRef = BB60A7B82A326DFB00A2F7AC /* Item.swift */; };
		BB6785032A390E910016D773 /* MealPlanningView.swift in Sources */ = {isa = PBXBuildFile; fileRef = BB6785022A390E910016D773 /* MealPlanningView.swift */; };
		BB6785052A390EEB0016D773 /* SettingsView.swift in Sources */ = {isa = PBXBuildFile; fileRef = BB6785042A390EEB0016D773 /* SettingsView.swift */; };
		BB6785072A390FC70016D773 /* PantryView.swift in Sources */ = {isa = PBXBuildFile; fileRef = BB6785062A390FC70016D773 /* PantryView.swift */; };
		BB6785092A39106C0016D773 /* RecipeLibraryView.swift in Sources */ = {isa = PBXBuildFile; fileRef = BB6785082A39106C0016D773 /* RecipeLibraryView.swift */; };
		BB67850B2A43A9E50016D773 /* NewRecipeView.swift in Sources */ = {isa = PBXBuildFile; fileRef = BB67850A2A43A9E50016D773 /* NewRecipeView.swift */; };
		BB67851D2A4B66F40016D773 /* FoodItems.swift in Sources */ = {isa = PBXBuildFile; fileRef = BB67851C2A4B66F40016D773 /* FoodItems.swift */; };
		BB67851F2A4B67320016D773 /* JsonHandler.swift in Sources */ = {isa = PBXBuildFile; fileRef = BB67851E2A4B67320016D773 /* JsonHandler.swift */; };
		BB6785212A4B6A8C0016D773 /* CuttingBoardLists.JSON in Resources */ = {isa = PBXBuildFile; fileRef = BB6785202A4B6A8C0016D773 /* CuttingBoardLists.JSON */; };
		BBFAF1082A34F6F2006BBE08 /* RecipeListView.swift in Sources */ = {isa = PBXBuildFile; fileRef = BBFAF1072A34F6F2006BBE08 /* RecipeListView.swift */; };
/* End PBXBuildFile section */

/* Begin PBXFileReference section */
		BB60A7AC2A326DFA00A2F7AC /* CuttingBoard.app */ = {isa = PBXFileReference; explicitFileType = wrapper.application; includeInIndex = 0; path = CuttingBoard.app; sourceTree = BUILT_PRODUCTS_DIR; };
		BB60A7AF2A326DFA00A2F7AC /* CuttingBoardApp.swift */ = {isa = PBXFileReference; lastKnownFileType = sourcecode.swift; path = CuttingBoardApp.swift; sourceTree = "<group>"; };
		BB60A7B12A326DFA00A2F7AC /* ContentView.swift */ = {isa = PBXFileReference; lastKnownFileType = sourcecode.swift; path = ContentView.swift; sourceTree = "<group>"; };
		BB60A7B32A326DFB00A2F7AC /* Assets.xcassets */ = {isa = PBXFileReference; lastKnownFileType = folder.assetcatalog; path = Assets.xcassets; sourceTree = "<group>"; };
		BB60A7B62A326DFB00A2F7AC /* Preview Assets.xcassets */ = {isa = PBXFileReference; lastKnownFileType = folder.assetcatalog; path = "Preview Assets.xcassets"; sourceTree = "<group>"; };
		BB60A7B82A326DFB00A2F7AC /* Item.swift */ = {isa = PBXFileReference; lastKnownFileType = sourcecode.swift; path = Item.swift; sourceTree = "<group>"; };
		BB6785022A390E910016D773 /* MealPlanningView.swift */ = {isa = PBXFileReference; lastKnownFileType = sourcecode.swift; path = MealPlanningView.swift; sourceTree = "<group>"; };
		BB6785042A390EEB0016D773 /* SettingsView.swift */ = {isa = PBXFileReference; lastKnownFileType = sourcecode.swift; path = SettingsView.swift; sourceTree = "<group>"; };
		BB6785062A390FC70016D773 /* PantryView.swift */ = {isa = PBXFileReference; lastKnownFileType = sourcecode.swift; path = PantryView.swift; sourceTree = "<group>"; };
		BB6785082A39106C0016D773 /* RecipeLibraryView.swift */ = {isa = PBXFileReference; lastKnownFileType = sourcecode.swift; path = RecipeLibraryView.swift; sourceTree = "<group>"; };
		BB67850A2A43A9E50016D773 /* NewRecipeView.swift */ = {isa = PBXFileReference; lastKnownFileType = sourcecode.swift; path = NewRecipeView.swift; sourceTree = "<group>"; };
		BB67851C2A4B66F40016D773 /* FoodItems.swift */ = {isa = PBXFileReference; lastKnownFileType = sourcecode.swift; path = FoodItems.swift; sourceTree = "<group>"; };
		BB67851E2A4B67320016D773 /* JsonHandler.swift */ = {isa = PBXFileReference; lastKnownFileType = sourcecode.swift; path = JsonHandler.swift; sourceTree = "<group>"; };
		BB6785202A4B6A8C0016D773 /* CuttingBoardLists.JSON */ = {isa = PBXFileReference; fileEncoding = 4; lastKnownFileType = text.json; path = CuttingBoardLists.JSON; sourceTree = "<group>"; };
		BBFAF1072A34F6F2006BBE08 /* RecipeListView.swift */ = {isa = PBXFileReference; lastKnownFileType = sourcecode.swift; path = RecipeListView.swift; sourceTree = "<group>"; };
/* End PBXFileReference section */

/* Begin PBXFrameworksBuildPhase section */
		BB60A7A92A326DFA00A2F7AC /* Frameworks */ = {
			isa = PBXFrameworksBuildPhase;
			buildActionMask = 2147483647;
			files = (
			);
			runOnlyForDeploymentPostprocessing = 0;
		};
/* End PBXFrameworksBuildPhase section */

/* Begin PBXGroup section */
		BB60A7A32A326DFA00A2F7AC = {
			isa = PBXGroup;
			children = (
				BB60A7AE2A326DFA00A2F7AC /* CuttingBoard */,
				BB60A7AD2A326DFA00A2F7AC /* Products */,
			);
			sourceTree = "<group>";
		};
		BB60A7AD2A326DFA00A2F7AC /* Products */ = {
			isa = PBXGroup;
			children = (
				BB60A7AC2A326DFA00A2F7AC /* CuttingBoard.app */,
			);
			name = Products;
			sourceTree = "<group>";
		};
		BB60A7AE2A326DFA00A2F7AC /* CuttingBoard */ = {
			isa = PBXGroup;
			children = (
				BB6785202A4B6A8C0016D773 /* CuttingBoardLists.JSON */,
				BB60A7AF2A326DFA00A2F7AC /* CuttingBoardApp.swift */,
				BB67850C2A43A9ED0016D773 /* Views */,
				BB60A7B32A326DFB00A2F7AC /* Assets.xcassets */,
				BB67850F2A4499550016D773 /* Data */,
				BB67850D2A4499450016D773 /* Backend */,
				BB60A7B52A326DFB00A2F7AC /* Preview Content */,
			);
			path = CuttingBoard;
			sourceTree = "<group>";
		};
		BB60A7B52A326DFB00A2F7AC /* Preview Content */ = {
			isa = PBXGroup;
			children = (
				BB60A7B62A326DFB00A2F7AC /* Preview Assets.xcassets */,
			);
			path = "Preview Content";
			sourceTree = "<group>";
		};
		BB67850C2A43A9ED0016D773 /* Views */ = {
			isa = PBXGroup;
			children = (
				BB60A7B12A326DFA00A2F7AC /* ContentView.swift */,
				BB67850A2A43A9E50016D773 /* NewRecipeView.swift */,
				BB6785082A39106C0016D773 /* RecipeLibraryView.swift */,
				BB6785062A390FC70016D773 /* PantryView.swift */,
				BB6785042A390EEB0016D773 /* SettingsView.swift */,
				BB6785022A390E910016D773 /* MealPlanningView.swift */,
				BBFAF1072A34F6F2006BBE08 /* RecipeListView.swift */,
			);
			path = Views;
			sourceTree = "<group>";
		};
		BB67850D2A4499450016D773 /* Backend */ = {
			isa = PBXGroup;
			children = (
				BB67851E2A4B67320016D773 /* JsonHandler.swift */,
			);
			path = Backend;
			sourceTree = "<group>";
		};
		BB67850F2A4499550016D773 /* Data */ = {
			isa = PBXGroup;
			children = (
				BB60A7B82A326DFB00A2F7AC /* Item.swift */,
				BB67851C2A4B66F40016D773 /* FoodItems.swift */,
			);
			path = Data;
			sourceTree = "<group>";
		};
/* End PBXGroup section */

/* Begin PBXNativeTarget section */
		BB60A7AB2A326DFA00A2F7AC /* CuttingBoard */ = {
			isa = PBXNativeTarget;
			buildConfigurationList = BB60A7BC2A326DFB00A2F7AC /* Build configuration list for PBXNativeTarget "CuttingBoard" */;
			buildPhases = (
				BB60A7A82A326DFA00A2F7AC /* Sources */,
				BB60A7A92A326DFA00A2F7AC /* Frameworks */,
				BB60A7AA2A326DFA00A2F7AC /* Resources */,
			);
			buildRules = (
			);
			dependencies = (
			);
			name = CuttingBoard;
			productName = CuttingBoard;
			productReference = BB60A7AC2A326DFA00A2F7AC /* CuttingBoard.app */;
			productType = "com.apple.product-type.application";
		};
/* End PBXNativeTarget section */

/* Begin PBXProject section */
		BB60A7A42A326DFA00A2F7AC /* Project object */ = {
			isa = PBXProject;
			attributes = {
				BuildIndependentTargetsInParallel = 1;
				LastSwiftUpdateCheck = 1500;
				LastUpgradeCheck = 1500;
				TargetAttributes = {
					BB60A7AB2A326DFA00A2F7AC = {
						CreatedOnToolsVersion = 15.0;
					};
				};
			};
			buildConfigurationList = BB60A7A72A326DFA00A2F7AC /* Build configuration list for PBXProject "CuttingBoard" */;
			compatibilityVersion = "Xcode 14.0";
			developmentRegion = en;
			hasScannedForEncodings = 0;
			knownRegions = (
				en,
				Base,
			);
			mainGroup = BB60A7A32A326DFA00A2F7AC;
			productRefGroup = BB60A7AD2A326DFA00A2F7AC /* Products */;
			projectDirPath = "";
			projectRoot = "";
			targets = (
				BB60A7AB2A326DFA00A2F7AC /* CuttingBoard */,
			);
		};
/* End PBXProject section */

/* Begin PBXResourcesBuildPhase section */
		BB60A7AA2A326DFA00A2F7AC /* Resources */ = {
			isa = PBXResourcesBuildPhase;
			buildActionMask = 2147483647;
			files = (
				BB60A7B72A326DFB00A2F7AC /* Preview Assets.xcassets in Resources */,
				BB60A7B42A326DFB00A2F7AC /* Assets.xcassets in Resources */,
				BB6785212A4B6A8C0016D773 /* CuttingBoardLists.JSON in Resources */,
			);
			runOnlyForDeploymentPostprocessing = 0;
		};
/* End PBXResourcesBuildPhase section */

/* Begin PBXSourcesBuildPhase section */
		BB60A7A82A326DFA00A2F7AC /* Sources */ = {
			isa = PBXSourcesBuildPhase;
			buildActionMask = 2147483647;
			files = (
				BB60A7B22A326DFA00A2F7AC /* ContentView.swift in Sources */,
				BB6785072A390FC70016D773 /* PantryView.swift in Sources */,
				BB6785092A39106C0016D773 /* RecipeLibraryView.swift in Sources */,
				BB60A7B92A326DFB00A2F7AC /* Item.swift in Sources */,
				BB67851D2A4B66F40016D773 /* FoodItems.swift in Sources */,
				BB6785032A390E910016D773 /* MealPlanningView.swift in Sources */,
				BB67851F2A4B67320016D773 /* JsonHandler.swift in Sources */,
				BB6785052A390EEB0016D773 /* SettingsView.swift in Sources */,
				BB67850B2A43A9E50016D773 /* NewRecipeView.swift in Sources */,
				BBFAF1082A34F6F2006BBE08 /* RecipeListView.swift in Sources */,
				BB60A7B02A326DFA00A2F7AC /* CuttingBoardApp.swift in Sources */,
			);
			runOnlyForDeploymentPostprocessing = 0;
		};
/* End PBXSourcesBuildPhase section */

/* Begin XCBuildConfiguration section */
		BB60A7BA2A326DFB00A2F7AC /* Debug */ = {
			isa = XCBuildConfiguration;
			buildSettings = {
				ALWAYS_SEARCH_USER_PATHS = NO;
				ASSETCATALOG_COMPILER_GENERATE_SWIFT_ASSET_SYMBOL_EXTENSIONS = YES;
				CLANG_ANALYZER_NONNULL = YES;
				CLANG_ANALYZER_NUMBER_OBJECT_CONVERSION = YES_AGGRESSIVE;
				CLANG_CXX_LANGUAGE_STANDARD = "gnu++20";
				CLANG_ENABLE_MODULES = YES;
				CLANG_ENABLE_OBJC_ARC = YES;
				CLANG_ENABLE_OBJC_WEAK = YES;
				CLANG_WARN_BLOCK_CAPTURE_AUTORELEASING = YES;
				CLANG_WARN_BOOL_CONVERSION = YES;
				CLANG_WARN_COMMA = YES;
				CLANG_WARN_CONSTANT_CONVERSION = YES;
				CLANG_WARN_DEPRECATED_OBJC_IMPLEMENTATIONS = YES;
				CLANG_WARN_DIRECT_OBJC_ISA_USAGE = YES_ERROR;
				CLANG_WARN_DOCUMENTATION_COMMENTS = YES;
				CLANG_WARN_EMPTY_BODY = YES;
				CLANG_WARN_ENUM_CONVERSION = YES;
				CLANG_WARN_INFINITE_RECURSION = YES;
				CLANG_WARN_INT_CONVERSION = YES;
				CLANG_WARN_NON_LITERAL_NULL_CONVERSION = YES;
				CLANG_WARN_OBJC_IMPLICIT_RETAIN_SELF = YES;
				CLANG_WARN_OBJC_LITERAL_CONVERSION = YES;
				CLANG_WARN_OBJC_ROOT_CLASS = YES_ERROR;
				CLANG_WARN_QUOTED_INCLUDE_IN_FRAMEWORK_HEADER = YES;
				CLANG_WARN_RANGE_LOOP_ANALYSIS = YES;
				CLANG_WARN_STRICT_PROTOTYPES = YES;
				CLANG_WARN_SUSPICIOUS_MOVE = YES;
				CLANG_WARN_UNGUARDED_AVAILABILITY = YES_AGGRESSIVE;
				CLANG_WARN_UNREACHABLE_CODE = YES;
				CLANG_WARN__DUPLICATE_METHOD_MATCH = YES;
				COPY_PHASE_STRIP = NO;
				DEBUG_INFORMATION_FORMAT = dwarf;
				ENABLE_STRICT_OBJC_MSGSEND = YES;
				ENABLE_TESTABILITY = YES;
				ENABLE_USER_SCRIPT_SANDBOXING = YES;
				GCC_C_LANGUAGE_STANDARD = gnu17;
				GCC_DYNAMIC_NO_PIC = NO;
				GCC_NO_COMMON_BLOCKS = YES;
				GCC_OPTIMIZATION_LEVEL = 0;
				GCC_PREPROCESSOR_DEFINITIONS = (
					"DEBUG=1",
					"$(inherited)",
				);
				GCC_WARN_64_TO_32_BIT_CONVERSION = YES;
				GCC_WARN_ABOUT_RETURN_TYPE = YES_ERROR;
				GCC_WARN_UNDECLARED_SELECTOR = YES;
				GCC_WARN_UNINITIALIZED_AUTOS = YES_AGGRESSIVE;
				GCC_WARN_UNUSED_FUNCTION = YES;
				GCC_WARN_UNUSED_VARIABLE = YES;
				IPHONEOS_DEPLOYMENT_TARGET = 17.0;
				LOCALIZATION_PREFERS_STRING_CATALOGS = YES;
				MTL_ENABLE_DEBUG_INFO = INCLUDE_SOURCE;
				MTL_FAST_MATH = YES;
				ONLY_ACTIVE_ARCH = YES;
				SDKROOT = iphoneos;
				SWIFT_ACTIVE_COMPILATION_CONDITIONS = "DEBUG $(inherited)";
				SWIFT_OPTIMIZATION_LEVEL = "-Onone";
			};
			name = Debug;
		};
		BB60A7BB2A326DFB00A2F7AC /* Release */ = {
			isa = XCBuildConfiguration;
			buildSettings = {
				ALWAYS_SEARCH_USER_PATHS = NO;
				ASSETCATALOG_COMPILER_GENERATE_SWIFT_ASSET_SYMBOL_EXTENSIONS = YES;
				CLANG_ANALYZER_NONNULL = YES;
				CLANG_ANALYZER_NUMBER_OBJECT_CONVERSION = YES_AGGRESSIVE;
				CLANG_CXX_LANGUAGE_STANDARD = "gnu++20";
				CLANG_ENABLE_MODULES = YES;
				CLANG_ENABLE_OBJC_ARC = YES;
				CLANG_ENABLE_OBJC_WEAK = YES;
				CLANG_WARN_BLOCK_CAPTURE_AUTORELEASING = YES;
				CLANG_WARN_BOOL_CONVERSION = YES;
				CLANG_WARN_COMMA = YES;
				CLANG_WARN_CONSTANT_CONVERSION = YES;
				CLANG_WARN_DEPRECATED_OBJC_IMPLEMENTATIONS = YES;
				CLANG_WARN_DIRECT_OBJC_ISA_USAGE = YES_ERROR;
				CLANG_WARN_DOCUMENTATION_COMMENTS = YES;
				CLANG_WARN_EMPTY_BODY = YES;
				CLANG_WARN_ENUM_CONVERSION = YES;
				CLANG_WARN_INFINITE_RECURSION = YES;
				CLANG_WARN_INT_CONVERSION = YES;
				CLANG_WARN_NON_LITERAL_NULL_CONVERSION = YES;
				CLANG_WARN_OBJC_IMPLICIT_RETAIN_SELF = YES;
				CLANG_WARN_OBJC_LITERAL_CONVERSION = YES;
				CLANG_WARN_OBJC_ROOT_CLASS = YES_ERROR;
				CLANG_WARN_QUOTED_INCLUDE_IN_FRAMEWORK_HEADER = YES;
				CLANG_WARN_RANGE_LOOP_ANALYSIS = YES;
				CLANG_WARN_STRICT_PROTOTYPES = YES;
				CLANG_WARN_SUSPICIOUS_MOVE = YES;
				CLANG_WARN_UNGUARDED_AVAILABILITY = YES_AGGRESSIVE;
				CLANG_WARN_UNREACHABLE_CODE = YES;
				CLANG_WARN__DUPLICATE_METHOD_MATCH = YES;
				COPY_PHASE_STRIP = NO;
				DEBUG_INFORMATION_FORMAT = "dwarf-with-dsym";
				ENABLE_NS_ASSERTIONS = NO;
				ENABLE_STRICT_OBJC_MSGSEND = YES;
				ENABLE_USER_SCRIPT_SANDBOXING = YES;
				GCC_C_LANGUAGE_STANDARD = gnu17;
				GCC_NO_COMMON_BLOCKS = YES;
				GCC_WARN_64_TO_32_BIT_CONVERSION = YES;
				GCC_WARN_ABOUT_RETURN_TYPE = YES_ERROR;
				GCC_WARN_UNDECLARED_SELECTOR = YES;
				GCC_WARN_UNINITIALIZED_AUTOS = YES_AGGRESSIVE;
				GCC_WARN_UNUSED_FUNCTION = YES;
				GCC_WARN_UNUSED_VARIABLE = YES;
				IPHONEOS_DEPLOYMENT_TARGET = 17.0;
				LOCALIZATION_PREFERS_STRING_CATALOGS = YES;
				MTL_ENABLE_DEBUG_INFO = NO;
				MTL_FAST_MATH = YES;
				SDKROOT = iphoneos;
				SWIFT_COMPILATION_MODE = wholemodule;
				VALIDATE_PRODUCT = YES;
			};
			name = Release;
		};
		BB60A7BD2A326DFB00A2F7AC /* Debug */ = {
			isa = XCBuildConfiguration;
			buildSettings = {
				ASSETCATALOG_COMPILER_APPICON_NAME = AppIcon;
				ASSETCATALOG_COMPILER_GLOBAL_ACCENT_COLOR_NAME = AccentColor;
				CODE_SIGN_STYLE = Automatic;
				CURRENT_PROJECT_VERSION = 1;
				DEVELOPMENT_ASSET_PATHS = "\"CuttingBoard/Preview Content\"";
				DEVELOPMENT_TEAM = 66TVRTPQ3V;
				ENABLE_PREVIEWS = YES;
				GENERATE_INFOPLIST_FILE = YES;
				INFOPLIST_KEY_UIApplicationSceneManifest_Generation = YES;
				INFOPLIST_KEY_UIApplicationSupportsIndirectInputEvents = YES;
				INFOPLIST_KEY_UILaunchScreen_Generation = YES;
				INFOPLIST_KEY_UISupportedInterfaceOrientations_iPad = "UIInterfaceOrientationPortrait UIInterfaceOrientationPortraitUpsideDown UIInterfaceOrientationLandscapeLeft UIInterfaceOrientationLandscapeRight";
				INFOPLIST_KEY_UISupportedInterfaceOrientations_iPhone = "UIInterfaceOrientationPortrait UIInterfaceOrientationLandscapeLeft UIInterfaceOrientationLandscapeRight";
				LD_RUNPATH_SEARCH_PATHS = (
					"$(inherited)",
					"@executable_path/Frameworks",
				);
				MARKETING_VERSION = 1.0;
				PRODUCT_BUNDLE_IDENTIFIER = com.dustinolsen.CuttingBoard;
				PRODUCT_NAME = "$(TARGET_NAME)";
				SWIFT_EMIT_LOC_STRINGS = YES;
				SWIFT_VERSION = 5.0;
				TARGETED_DEVICE_FAMILY = "1,2";
			};
			name = Debug;
		};
		BB60A7BE2A326DFB00A2F7AC /* Release */ = {
			isa = XCBuildConfiguration;
			buildSettings = {
				ASSETCATALOG_COMPILER_APPICON_NAME = AppIcon;
				ASSETCATALOG_COMPILER_GLOBAL_ACCENT_COLOR_NAME = AccentColor;
				CODE_SIGN_STYLE = Automatic;
				CURRENT_PROJECT_VERSION = 1;
				DEVELOPMENT_ASSET_PATHS = "\"CuttingBoard/Preview Content\"";
				DEVELOPMENT_TEAM = 66TVRTPQ3V;
				ENABLE_PREVIEWS = YES;
				GENERATE_INFOPLIST_FILE = YES;
				INFOPLIST_KEY_UIApplicationSceneManifest_Generation = YES;
				INFOPLIST_KEY_UIApplicationSupportsIndirectInputEvents = YES;
				INFOPLIST_KEY_UILaunchScreen_Generation = YES;
				INFOPLIST_KEY_UISupportedInterfaceOrientations_iPad = "UIInterfaceOrientationPortrait UIInterfaceOrientationPortraitUpsideDown UIInterfaceOrientationLandscapeLeft UIInterfaceOrientationLandscapeRight";
				INFOPLIST_KEY_UISupportedInterfaceOrientations_iPhone = "UIInterfaceOrientationPortrait UIInterfaceOrientationLandscapeLeft UIInterfaceOrientationLandscapeRight";
				LD_RUNPATH_SEARCH_PATHS = (
					"$(inherited)",
					"@executable_path/Frameworks",
				);
				MARKETING_VERSION = 1.0;
				PRODUCT_BUNDLE_IDENTIFIER = com.dustinolsen.CuttingBoard;
				PRODUCT_NAME = "$(TARGET_NAME)";
				SWIFT_EMIT_LOC_STRINGS = YES;
				SWIFT_VERSION = 5.0;
				TARGETED_DEVICE_FAMILY = "1,2";
			};
			name = Release;
		};
/* End XCBuildConfiguration section */

/* Begin XCConfigurationList section */
		BB60A7A72A326DFA00A2F7AC /* Build configuration list for PBXProject "CuttingBoard" */ = {
			isa = XCConfigurationList;
			buildConfigurations = (
				BB60A7BA2A326DFB00A2F7AC /* Debug */,
				BB60A7BB2A326DFB00A2F7AC /* Release */,
			);
			defaultConfigurationIsVisible = 0;
			defaultConfigurationName = Release;
		};
		BB60A7BC2A326DFB00A2F7AC /* Build configuration list for PBXNativeTarget "CuttingBoard" */ = {
			isa = XCConfigurationList;
			buildConfigurations = (
				BB60A7BD2A326DFB00A2F7AC /* Debug */,
				BB60A7BE2A326DFB00A2F7AC /* Release */,
			);
			defaultConfigurationIsVisible = 0;
			defaultConfigurationName = Release;
		};
/* End XCConfigurationList section */
	};
	rootObject = BB60A7A42A326DFA00A2F7AC /* Project object */;
}
